{
    "hash": "d4cfe5b445b00f2f9090cfc058051482",
    "packages": [
        {
            "name": "pdepend/pdepend",
            "version": "1.1.0",
            "source": {
                "type": "git",
                "url": "git://github.com/pdepend/pdepend.git",
                "reference": "1.1.0"
            },
            "dist": {
                "type": "zip",
                "url": "https://github.com/pdepend/pdepend/zipball/1.1.0",
                "reference": "1.1.0",
                "shasum": ""
            },
            "require": {
                "php": ">=5.2.3"
            },
            "time": "2012-09-12 04:09:19",
            "bin": [
                "src/bin/pdepend"
            ],
            "type": "library",
            "installation-source": "dist",
            "description": "Official version of pdepend to be handled with Composer"
        },
        {
            "name": "sharom/twitter-bootstrap",
            "version": "dev-master",
            "source": {
                "type": "git",
                "url": "git://github.com/Sharom/twitter-bootstrap.git",
                "reference": "f0e88f811907d00143b34d7439d94a9cd7dc8e1e"
            },
            "dist": {
                "type": "zip",
                "url": "https://github.com/Sharom/twitter-bootstrap/zipball/f0e88f811907d00143b34d7439d94a9cd7dc8e1e",
                "reference": "f0e88f811907d00143b34d7439d94a9cd7dc8e1e",
                "shasum": ""
            },
            "type": "library",
            "installation-source": "source",
            "license": [
                "Apache-2.0"
            ],
            "authors": [
                {
                    "name": "Roman Shamritskiy",
                    "email": "roman@litgroup.ru"
                }
            ],
            "description": "Original fork of the Twitter Bootstrap with composer.json",
            "time": "1349164094"
        }
    ],
    "packages-dev": null,
    "aliases": [

    ],
    "minimum-stability": "stable",
    "stability-flags": {
        "sharom/twitter-bootstrap": 20
    }
}
